uuid: cc9af5c5-3ca4-4cf2-89fb-cf0103c045f2
langcode: en
status: true
dependencies:
  module:
    - movie_ratings
  theme:
    - nc_theme
id: nc_theme_movieratingsformblock
theme: nc_theme
region: content
weight: 0
provider: null
plugin: movie_ratings_block
settings:
  id: movie_ratings_block
  label: 'Movie Ratings Form Block'
  label_display: visible
  provider: movie_ratings
visibility: {  }
